
Microsoft Visual Studio Solution File, Format Version 12.00
# Visual Studio 15
VisualStudioVersion = 15.0.28307.902
MinimumVisualStudioVersion = 10.0.40219.1
Project("{FAE04EC0-301F-11D3-BF4B-00C04F79EFBC}") = "Views", "Views\Views.csproj", "{449CB828-8B26-49CC-9C7E-693256AD644A}"
EndProject
Project("{FAE04EC0-301F-11D3-BF4B-00C04F79EFBC}") = "Datos", "Datos\Datos.csproj", "{BD1E3133-E356-42A9-B271-B50C342F7C7A}"
EndProject
Project("{FAE04EC0-301F-11D3-BF4B-00C04F79EFBC}") = "Negocio", "Negocio\Negocio.csproj", "{AD27F90C-6D85-453C-BA73-A66EEBAD2B67}"
EndProject
Global
	GlobalSection(SolutionConfigurationPlatforms) = preSolution
		Debug|Any CPU = Debug|Any CPU
		Release|Any CPU = Release|Any CPU
	EndGlobalSection
	GlobalSection(ProjectConfigurationPlatforms) = postSolution
		{449CB828-8B26-49CC-9C7E-693256AD644A}.Debug|Any CPU.ActiveCfg = Debug|Any CPU
		{449CB828-8B26-49CC-9C7E-693256AD644A}.Debug|Any CPU.Build.0 = Debug|Any CPU
		{449CB828-8B26-49CC-9C7E-693256AD644A}.Release|Any CPU.ActiveCfg = Release|Any CPU
		{449CB828-8B26-49CC-9C7E-693256AD644A}.Release|Any CPU.Build.0 = Release|Any CPU
		{BD1E3133-E356-42A9-B271-B50C342F7C7A}.Debug|Any CPU.ActiveCfg = Debug|Any CPU
		{BD1E3133-E356-42A9-B271-B50C342F7C7A}.Debug|Any CPU.Build.0 = Debug|Any CPU
		{BD1E3133-E356-42A9-B271-B50C342F7C7A}.Release|Any CPU.ActiveCfg = Release|Any CPU
		{BD1E3133-E356-42A9-B271-B50C342F7C7A}.Release|Any CPU.Build.0 = Release|Any CPU
		{AD27F90C-6D85-453C-BA73-A66EEBAD2B67}.Debug|Any CPU.ActiveCfg = Debug|Any CPU
		{AD27F90C-6D85-453C-BA73-A66EEBAD2B67}.Debug|Any CPU.Build.0 = Debug|Any CPU
		{AD27F90C-6D85-453C-BA73-A66EEBAD2B67}.Release|Any CPU.ActiveCfg = Release|Any CPU
		{AD27F90C-6D85-453C-BA73-A66EEBAD2B67}.Release|Any CPU.Build.0 = Release|Any CPU
	EndGlobalSection
	GlobalSection(SolutionProperties) = preSolution
		HideSolutionNode = FALSE
	EndGlobalSection
	GlobalSection(ExtensibilityGlobals) = postSolution
		SolutionGuid = {F6164955-9228-4FED-A797-17B4DA610C12}
	EndGlobalSection
EndGlobal
